
Microsoft Visual Studio Solution File, Format Version 12.00
# Visual Studio Version 16
VisualStudioVersion = 16.0.30309.148
MinimumVisualStudioVersion = 10.0.40219.1
Project("{FAE04EC0-301F-11D3-BF4B-00C04F79EFBC}") = "Excel_Spliter", "Excel_Spliter.csproj", "{5ED307DD-1965-41FE-A1B3-B63255D72849}"
EndProject
Global
	GlobalSection(SolutionConfigurationPlatforms) = preSolution
		Debug|Any CPU = Debug|Any CPU
		Release|Any CPU = Release|Any CPU
	EndGlobalSection
	GlobalSection(ProjectConfigurationPlatforms) = postSolution
		{5ED307DD-1965-41FE-A1B3-B63255D72849}.Debug|Any CPU.ActiveCfg = Debug|Any CPU
		{5ED307DD-1965-41FE-A1B3-B63255D72849}.Debug|Any CPU.Build.0 = Debug|Any CPU
		{5ED307DD-1965-41FE-A1B3-B63255D72849}.Release|Any CPU.ActiveCfg = Release|Any CPU
		{5ED307DD-1965-41FE-A1B3-B63255D72849}.Release|Any CPU.Build.0 = Release|Any CPU
	EndGlobalSection
	GlobalSection(SolutionProperties) = preSolution
		HideSolutionNode = FALSE
	EndGlobalSection
	GlobalSection(ExtensibilityGlobals) = postSolution
		SolutionGuid = {AF2A1358-091E-4956-8B2F-946346E25187}
	EndGlobalSection
EndGlobal
